
Microsoft Visual Studio Solution File, Format Version 12.00
# Visual Studio Version 17
VisualStudioVersion = 17.10.35027.167
MinimumVisualStudioVersion = 10.0.40219.1
Project("{FAE04EC0-301F-11D3-BF4B-00C04F79EFBC}") = "NhuLaiThuVienThienApi", "NhuLaiThuVienThienApi\NhuLaiThuVienThienApi.csproj", "{20441537-34A0-4812-A3AE-00E79D090F84}"
EndProject
Project("{FAE04EC0-301F-11D3-BF4B-00C04F79EFBC}") = "ThuVienNhuLaiThien.Domain", "ThuVienNhuLaiThien.Domain\ThuVienNhuLaiThien.Domain.csproj", "{4EE1B513-7E4A-4C98-AA5D-E1A1954AD54B}"
EndProject
Global
	GlobalSection(SolutionConfigurationPlatforms) = preSolution
		Debug|Any CPU = Debug|Any CPU
		Release|Any CPU = Release|Any CPU
	EndGlobalSection
	GlobalSection(ProjectConfigurationPlatforms) = postSolution
		{20441537-34A0-4812-A3AE-00E79D090F84}.Debug|Any CPU.ActiveCfg = Debug|Any CPU
		{20441537-34A0-4812-A3AE-00E79D090F84}.Debug|Any CPU.Build.0 = Debug|Any CPU
		{20441537-34A0-4812-A3AE-00E79D090F84}.Release|Any CPU.ActiveCfg = Release|Any CPU
		{20441537-34A0-4812-A3AE-00E79D090F84}.Release|Any CPU.Build.0 = Release|Any CPU
		{4EE1B513-7E4A-4C98-AA5D-E1A1954AD54B}.Debug|Any CPU.ActiveCfg = Debug|Any CPU
		{4EE1B513-7E4A-4C98-AA5D-E1A1954AD54B}.Debug|Any CPU.Build.0 = Debug|Any CPU
		{4EE1B513-7E4A-4C98-AA5D-E1A1954AD54B}.Release|Any CPU.ActiveCfg = Release|Any CPU
		{4EE1B513-7E4A-4C98-AA5D-E1A1954AD54B}.Release|Any CPU.Build.0 = Release|Any CPU
	EndGlobalSection
	GlobalSection(SolutionProperties) = preSolution
		HideSolutionNode = FALSE
	EndGlobalSection
	GlobalSection(ExtensibilityGlobals) = postSolution
		SolutionGuid = {E724671E-9FD3-4059-9AD4-010055C06ACA}
	EndGlobalSection
EndGlobal
